
Microsoft Visual Studio Solution File, Format Version 12.00
# Visual Studio Version 16
VisualStudioVersion = 16.0.31205.134
MinimumVisualStudioVersion = 10.0.40219.1
Project("{9A19103F-16F7-4668-BE54-9A1E7A4F7556}") = "ForLogic", "ForLogic\ForLogic.csproj", "{2428780E-E304-4B3C-AAAE-280365D41870}"
EndProject
Project("{2150E333-8FDC-42A3-9474-1A3956D46DE8}") = "1-Web", "1-Web", "{13A53293-9380-4747-83A9-D2E45A882851}"
EndProject
Project("{2150E333-8FDC-42A3-9474-1A3956D46DE8}") = "2-Application", "2-Application", "{117AE59E-17BD-489E-A66F-89592175E220}"
EndProject
Project("{2150E333-8FDC-42A3-9474-1A3956D46DE8}") = "3-Domain", "3-Domain", "{AEA4CDDA-521A-4A22-844F-B1FAFF4D4E28}"
EndProject
Project("{2150E333-8FDC-42A3-9474-1A3956D46DE8}") = "4-Infra", "4-Infra", "{88B35F87-D50C-4A9B-9E6A-613EE895B491}"
EndProject
Project("{FAE04EC0-301F-11D3-BF4B-00C04F79EFBC}") = "Template.Application", "Template.Application\Template.Application.csproj", "{BA44B270-A5B8-4867-A11D-55905CFED6A7}"
EndProject
Project("{FAE04EC0-301F-11D3-BF4B-00C04F79EFBC}") = "Template.Domain", "Template.Domain\Template.Domain.csproj", "{F6D71017-A3EA-4482-97F9-B007215530F1}"
EndProject
Project("{2150E333-8FDC-42A3-9474-1A3956D46DE8}") = "4.1-Data", "4.1-Data", "{FB7FB1F3-5185-46E7-8BBA-E7FE91E04902}"
EndProject
Project("{2150E333-8FDC-42A3-9474-1A3956D46DE8}") = "4.2-CrossCutting", "4.2-CrossCutting", "{21028022-A550-4244-BEBD-4287E0819B17}"
EndProject
Project("{FAE04EC0-301F-11D3-BF4B-00C04F79EFBC}") = "Template.Data", "Template.Data\Template.Data.csproj", "{0EA1C65A-E407-42F1-94D8-4A5556EFDF53}"
EndProject
Global
	GlobalSection(SolutionConfigurationPlatforms) = preSolution
		Debug|Any CPU = Debug|Any CPU
		Release|Any CPU = Release|Any CPU
	EndGlobalSection
	GlobalSection(ProjectConfigurationPlatforms) = postSolution
		{2428780E-E304-4B3C-AAAE-280365D41870}.Debug|Any CPU.ActiveCfg = Debug|Any CPU
		{2428780E-E304-4B3C-AAAE-280365D41870}.Debug|Any CPU.Build.0 = Debug|Any CPU
		{2428780E-E304-4B3C-AAAE-280365D41870}.Release|Any CPU.ActiveCfg = Release|Any CPU
		{2428780E-E304-4B3C-AAAE-280365D41870}.Release|Any CPU.Build.0 = Release|Any CPU
		{BA44B270-A5B8-4867-A11D-55905CFED6A7}.Debug|Any CPU.ActiveCfg = Debug|Any CPU
		{BA44B270-A5B8-4867-A11D-55905CFED6A7}.Debug|Any CPU.Build.0 = Debug|Any CPU
		{BA44B270-A5B8-4867-A11D-55905CFED6A7}.Release|Any CPU.ActiveCfg = Release|Any CPU
		{BA44B270-A5B8-4867-A11D-55905CFED6A7}.Release|Any CPU.Build.0 = Release|Any CPU
		{F6D71017-A3EA-4482-97F9-B007215530F1}.Debug|Any CPU.ActiveCfg = Debug|Any CPU
		{F6D71017-A3EA-4482-97F9-B007215530F1}.Debug|Any CPU.Build.0 = Debug|Any CPU
		{F6D71017-A3EA-4482-97F9-B007215530F1}.Release|Any CPU.ActiveCfg = Release|Any CPU
		{F6D71017-A3EA-4482-97F9-B007215530F1}.Release|Any CPU.Build.0 = Release|Any CPU
		{0EA1C65A-E407-42F1-94D8-4A5556EFDF53}.Debug|Any CPU.ActiveCfg = Debug|Any CPU
		{0EA1C65A-E407-42F1-94D8-4A5556EFDF53}.Debug|Any CPU.Build.0 = Debug|Any CPU
		{0EA1C65A-E407-42F1-94D8-4A5556EFDF53}.Release|Any CPU.ActiveCfg = Release|Any CPU
		{0EA1C65A-E407-42F1-94D8-4A5556EFDF53}.Release|Any CPU.Build.0 = Release|Any CPU
	EndGlobalSection
	GlobalSection(SolutionProperties) = preSolution
		HideSolutionNode = FALSE
	EndGlobalSection
	GlobalSection(NestedProjects) = preSolution
		{2428780E-E304-4B3C-AAAE-280365D41870} = {13A53293-9380-4747-83A9-D2E45A882851}
		{BA44B270-A5B8-4867-A11D-55905CFED6A7} = {117AE59E-17BD-489E-A66F-89592175E220}
		{F6D71017-A3EA-4482-97F9-B007215530F1} = {AEA4CDDA-521A-4A22-844F-B1FAFF4D4E28}
		{FB7FB1F3-5185-46E7-8BBA-E7FE91E04902} = {88B35F87-D50C-4A9B-9E6A-613EE895B491}
		{21028022-A550-4244-BEBD-4287E0819B17} = {88B35F87-D50C-4A9B-9E6A-613EE895B491}
		{0EA1C65A-E407-42F1-94D8-4A5556EFDF53} = {FB7FB1F3-5185-46E7-8BBA-E7FE91E04902}
	EndGlobalSection
	GlobalSection(ExtensibilityGlobals) = postSolution
		SolutionGuid = {5F929125-CAE1-4D00-9800-F134184AD076}
	EndGlobalSection
EndGlobal
